
Microsoft Visual Studio Solution File, Format Version 12.00
# Visual Studio Version 17
VisualStudioVersion = 17.3.32929.385
MinimumVisualStudioVersion = 10.0.40219.1
Project("{FAE04EC0-301F-11D3-BF4B-00C04F79EFBC}") = "Business", "Business\Business.csproj", "{D4D519C6-EE62-47BE-886F-B50774C84FDC}"
EndProject
Project("{FAE04EC0-301F-11D3-BF4B-00C04F79EFBC}") = "DataAccess", "DataAccess\DataAccess.csproj", "{0B46F535-3B6D-4A6C-A908-108839C3A4B3}"
EndProject
Project("{FAE04EC0-301F-11D3-BF4B-00C04F79EFBC}") = "Entitiy", "Entitiy\Entitiy.csproj", "{F20DD4D1-AB0A-4C86-BFBE-B8F2417F1C58}"
EndProject
Project("{FAE04EC0-301F-11D3-BF4B-00C04F79EFBC}") = "Web.UI", "Web.UI\Web.UI.csproj", "{7671E3DA-0C43-4399-9330-82703CB720C2}"
EndProject
Global
	GlobalSection(SolutionConfigurationPlatforms) = preSolution
		Debug|Any CPU = Debug|Any CPU
		Release|Any CPU = Release|Any CPU
	EndGlobalSection
	GlobalSection(ProjectConfigurationPlatforms) = postSolution
		{D4D519C6-EE62-47BE-886F-B50774C84FDC}.Debug|Any CPU.ActiveCfg = Debug|Any CPU
		{D4D519C6-EE62-47BE-886F-B50774C84FDC}.Debug|Any CPU.Build.0 = Debug|Any CPU
		{D4D519C6-EE62-47BE-886F-B50774C84FDC}.Release|Any CPU.ActiveCfg = Release|Any CPU
		{D4D519C6-EE62-47BE-886F-B50774C84FDC}.Release|Any CPU.Build.0 = Release|Any CPU
		{0B46F535-3B6D-4A6C-A908-108839C3A4B3}.Debug|Any CPU.ActiveCfg = Debug|Any CPU
		{0B46F535-3B6D-4A6C-A908-108839C3A4B3}.Debug|Any CPU.Build.0 = Debug|Any CPU
		{0B46F535-3B6D-4A6C-A908-108839C3A4B3}.Release|Any CPU.ActiveCfg = Release|Any CPU
		{0B46F535-3B6D-4A6C-A908-108839C3A4B3}.Release|Any CPU.Build.0 = Release|Any CPU
		{F20DD4D1-AB0A-4C86-BFBE-B8F2417F1C58}.Debug|Any CPU.ActiveCfg = Debug|Any CPU
		{F20DD4D1-AB0A-4C86-BFBE-B8F2417F1C58}.Debug|Any CPU.Build.0 = Debug|Any CPU
		{F20DD4D1-AB0A-4C86-BFBE-B8F2417F1C58}.Release|Any CPU.ActiveCfg = Release|Any CPU
		{F20DD4D1-AB0A-4C86-BFBE-B8F2417F1C58}.Release|Any CPU.Build.0 = Release|Any CPU
		{7671E3DA-0C43-4399-9330-82703CB720C2}.Debug|Any CPU.ActiveCfg = Debug|Any CPU
		{7671E3DA-0C43-4399-9330-82703CB720C2}.Debug|Any CPU.Build.0 = Debug|Any CPU
		{7671E3DA-0C43-4399-9330-82703CB720C2}.Release|Any CPU.ActiveCfg = Release|Any CPU
		{7671E3DA-0C43-4399-9330-82703CB720C2}.Release|Any CPU.Build.0 = Release|Any CPU
	EndGlobalSection
	GlobalSection(SolutionProperties) = preSolution
		HideSolutionNode = FALSE
	EndGlobalSection
	GlobalSection(ExtensibilityGlobals) = postSolution
		SolutionGuid = {ECD867D9-8C9C-4DC7-8F76-142771EE3063}
	EndGlobalSection
EndGlobal
